
Microsoft Visual Studio Solution File, Format Version 12.00
# Visual Studio Version 17
VisualStudioVersion = 17.4.33205.214
MinimumVisualStudioVersion = 10.0.40219.1
Project("{2150E333-8FDC-42A3-9474-1A3956D46DE8}") = "src", "src", "{BCCCFA50-639B-4A50-9087-3824F51B9224}"
EndProject
Project("{2150E333-8FDC-42A3-9474-1A3956D46DE8}") = "test", "test", "{6CF3E727-3CBC-44D6-B1BB-4ED4108AB4E4}"
EndProject
Project("{2150E333-8FDC-42A3-9474-1A3956D46DE8}") = "UI", "UI", "{75865313-A314-47D3-AD92-F9F8DFE6CAC6}"
EndProject
Project("{2150E333-8FDC-42A3-9474-1A3956D46DE8}") = "Core", "Core", "{DDB0AC02-F46F-41F2-B65A-83AA95DA354A}"
EndProject
Project("{2150E333-8FDC-42A3-9474-1A3956D46DE8}") = "Infrastructure", "Infrastructure", "{3FAD71DE-4E16-4252-B175-AB84F1D2846B}"
EndProject
Project("{2150E333-8FDC-42A3-9474-1A3956D46DE8}") = "API", "API", "{2309E91D-E114-4F62-A03B-745ABE17ED4F}"
EndProject
Project("{9A19103F-16F7-4668-BE54-9A1E7A4F7556}") = "HR.LeaveManagement.Domain", "HR.LeaveManagement.Domain\HR.LeaveManagement.Domain.csproj", "{EBBCCBE8-C477-4C10-98E4-AA5A5FF5166D}"
EndProject
Project("{9A19103F-16F7-4668-BE54-9A1E7A4F7556}") = "HR.LeaveManagement.Application", "HR.LeaveManagement.Application\HR.LeaveManagement.Application.csproj", "{907FA675-07A6-4612-8A29-392C8CCE6D23}"
EndProject
Project("{9A19103F-16F7-4668-BE54-9A1E7A4F7556}") = "HR.LeaveManagement.Persistencce", "HR.LeaveManagement.Persistencce\HR.LeaveManagement.Persistencce.csproj", "{DFBBB34D-5812-4D86-8F4D-C04E6EC26E64}"
EndProject
Project("{9A19103F-16F7-4668-BE54-9A1E7A4F7556}") = "HR.LeaveManagement.Infrastructure", "HR.LeaveManagement.Infrastructure\HR.LeaveManagement.Infrastructure.csproj", "{A096C55E-3062-4CF3-98EC-66D8EAC0CE55}"
EndProject
Project("{9A19103F-16F7-4668-BE54-9A1E7A4F7556}") = "HR.LeaveManagement.API", "HR.LeaveManagement.API\HR.LeaveManagement.API.csproj", "{0C435313-8FD7-4E69-83C6-9A1C0BA18712}"
EndProject
Project("{9A19103F-16F7-4668-BE54-9A1E7A4F7556}") = "HR.LeaveManagement.Application.UnitTests", "HR.LeaveManagement.Application.UnitTests\HR.LeaveManagement.Application.UnitTests.csproj", "{A5780B39-2206-47AA-9525-AC36AFEB74D5}"
EndProject
Project("{9A19103F-16F7-4668-BE54-9A1E7A4F7556}") = "HR.LeaveManagement.Persistence.IntegrationTests", "HR.LeaveManagement.Persistence.IntegrationTests\HR.LeaveManagement.Persistence.IntegrationTests.csproj", "{AE5BFBCD-DE95-47AA-9403-EFF13577ADC3}"
EndProject
Project("{9A19103F-16F7-4668-BE54-9A1E7A4F7556}") = "HR.LeaveManagement.BlazorUI", "HR.LeaveManagement.BlazorUI\HR.LeaveManagement.BlazorUI.csproj", "{D49C2E68-188D-4B33-A2BB-32CC3D3EE2B0}"
EndProject
Project("{9A19103F-16F7-4668-BE54-9A1E7A4F7556}") = "HR.LeaveManagement.Identity", "HR.LeaveManagement.Identity\HR.LeaveManagement.Identity.csproj", "{A7626B1A-513E-4952-AF1C-358E051534C7}"
EndProject
Global
	GlobalSection(SolutionConfigurationPlatforms) = preSolution
		Debug|Any CPU = Debug|Any CPU
		Release|Any CPU = Release|Any CPU
	EndGlobalSection
	GlobalSection(ProjectConfigurationPlatforms) = postSolution
		{EBBCCBE8-C477-4C10-98E4-AA5A5FF5166D}.Debug|Any CPU.ActiveCfg = Debug|Any CPU
		{EBBCCBE8-C477-4C10-98E4-AA5A5FF5166D}.Debug|Any CPU.Build.0 = Debug|Any CPU
		{EBBCCBE8-C477-4C10-98E4-AA5A5FF5166D}.Release|Any CPU.ActiveCfg = Release|Any CPU
		{EBBCCBE8-C477-4C10-98E4-AA5A5FF5166D}.Release|Any CPU.Build.0 = Release|Any CPU
		{907FA675-07A6-4612-8A29-392C8CCE6D23}.Debug|Any CPU.ActiveCfg = Debug|Any CPU
		{907FA675-07A6-4612-8A29-392C8CCE6D23}.Debug|Any CPU.Build.0 = Debug|Any CPU
		{907FA675-07A6-4612-8A29-392C8CCE6D23}.Release|Any CPU.ActiveCfg = Release|Any CPU
		{907FA675-07A6-4612-8A29-392C8CCE6D23}.Release|Any CPU.Build.0 = Release|Any CPU
		{DFBBB34D-5812-4D86-8F4D-C04E6EC26E64}.Debug|Any CPU.ActiveCfg = Debug|Any CPU
		{DFBBB34D-5812-4D86-8F4D-C04E6EC26E64}.Debug|Any CPU.Build.0 = Debug|Any CPU
		{DFBBB34D-5812-4D86-8F4D-C04E6EC26E64}.Release|Any CPU.ActiveCfg = Release|Any CPU
		{DFBBB34D-5812-4D86-8F4D-C04E6EC26E64}.Release|Any CPU.Build.0 = Release|Any CPU
		{A096C55E-3062-4CF3-98EC-66D8EAC0CE55}.Debug|Any CPU.ActiveCfg = Debug|Any CPU
		{A096C55E-3062-4CF3-98EC-66D8EAC0CE55}.Debug|Any CPU.Build.0 = Debug|Any CPU
		{A096C55E-3062-4CF3-98EC-66D8EAC0CE55}.Release|Any CPU.ActiveCfg = Release|Any CPU
		{A096C55E-3062-4CF3-98EC-66D8EAC0CE55}.Release|Any CPU.Build.0 = Release|Any CPU
		{0C435313-8FD7-4E69-83C6-9A1C0BA18712}.Debug|Any CPU.ActiveCfg = Debug|Any CPU
		{0C435313-8FD7-4E69-83C6-9A1C0BA18712}.Debug|Any CPU.Build.0 = Debug|Any CPU
		{0C435313-8FD7-4E69-83C6-9A1C0BA18712}.Release|Any CPU.ActiveCfg = Release|Any CPU
		{0C435313-8FD7-4E69-83C6-9A1C0BA18712}.Release|Any CPU.Build.0 = Release|Any CPU
		{A5780B39-2206-47AA-9525-AC36AFEB74D5}.Debug|Any CPU.ActiveCfg = Debug|Any CPU
		{A5780B39-2206-47AA-9525-AC36AFEB74D5}.Debug|Any CPU.Build.0 = Debug|Any CPU
		{A5780B39-2206-47AA-9525-AC36AFEB74D5}.Release|Any CPU.ActiveCfg = Release|Any CPU
		{A5780B39-2206-47AA-9525-AC36AFEB74D5}.Release|Any CPU.Build.0 = Release|Any CPU
		{AE5BFBCD-DE95-47AA-9403-EFF13577ADC3}.Debug|Any CPU.ActiveCfg = Debug|Any CPU
		{AE5BFBCD-DE95-47AA-9403-EFF13577ADC3}.Debug|Any CPU.Build.0 = Debug|Any CPU
		{AE5BFBCD-DE95-47AA-9403-EFF13577ADC3}.Release|Any CPU.ActiveCfg = Release|Any CPU
		{AE5BFBCD-DE95-47AA-9403-EFF13577ADC3}.Release|Any CPU.Build.0 = Release|Any CPU
		{D49C2E68-188D-4B33-A2BB-32CC3D3EE2B0}.Debug|Any CPU.ActiveCfg = Debug|Any CPU
		{D49C2E68-188D-4B33-A2BB-32CC3D3EE2B0}.Debug|Any CPU.Build.0 = Debug|Any CPU
		{D49C2E68-188D-4B33-A2BB-32CC3D3EE2B0}.Release|Any CPU.ActiveCfg = Release|Any CPU
		{D49C2E68-188D-4B33-A2BB-32CC3D3EE2B0}.Release|Any CPU.Build.0 = Release|Any CPU
		{A7626B1A-513E-4952-AF1C-358E051534C7}.Debug|Any CPU.ActiveCfg = Debug|Any CPU
		{A7626B1A-513E-4952-AF1C-358E051534C7}.Debug|Any CPU.Build.0 = Debug|Any CPU
		{A7626B1A-513E-4952-AF1C-358E051534C7}.Release|Any CPU.ActiveCfg = Release|Any CPU
		{A7626B1A-513E-4952-AF1C-358E051534C7}.Release|Any CPU.Build.0 = Release|Any CPU
	EndGlobalSection
	GlobalSection(SolutionProperties) = preSolution
		HideSolutionNode = FALSE
	EndGlobalSection
	GlobalSection(NestedProjects) = preSolution
		{75865313-A314-47D3-AD92-F9F8DFE6CAC6} = {BCCCFA50-639B-4A50-9087-3824F51B9224}
		{DDB0AC02-F46F-41F2-B65A-83AA95DA354A} = {BCCCFA50-639B-4A50-9087-3824F51B9224}
		{3FAD71DE-4E16-4252-B175-AB84F1D2846B} = {BCCCFA50-639B-4A50-9087-3824F51B9224}
		{2309E91D-E114-4F62-A03B-745ABE17ED4F} = {BCCCFA50-639B-4A50-9087-3824F51B9224}
		{EBBCCBE8-C477-4C10-98E4-AA5A5FF5166D} = {DDB0AC02-F46F-41F2-B65A-83AA95DA354A}
		{907FA675-07A6-4612-8A29-392C8CCE6D23} = {DDB0AC02-F46F-41F2-B65A-83AA95DA354A}
		{DFBBB34D-5812-4D86-8F4D-C04E6EC26E64} = {3FAD71DE-4E16-4252-B175-AB84F1D2846B}
		{A096C55E-3062-4CF3-98EC-66D8EAC0CE55} = {3FAD71DE-4E16-4252-B175-AB84F1D2846B}
		{0C435313-8FD7-4E69-83C6-9A1C0BA18712} = {2309E91D-E114-4F62-A03B-745ABE17ED4F}
		{A5780B39-2206-47AA-9525-AC36AFEB74D5} = {6CF3E727-3CBC-44D6-B1BB-4ED4108AB4E4}
		{AE5BFBCD-DE95-47AA-9403-EFF13577ADC3} = {6CF3E727-3CBC-44D6-B1BB-4ED4108AB4E4}
		{D49C2E68-188D-4B33-A2BB-32CC3D3EE2B0} = {75865313-A314-47D3-AD92-F9F8DFE6CAC6}
		{A7626B1A-513E-4952-AF1C-358E051534C7} = {3FAD71DE-4E16-4252-B175-AB84F1D2846B}
	EndGlobalSection
	GlobalSection(ExtensibilityGlobals) = postSolution
		SolutionGuid = {5AF5A08B-0E79-4517-8AA4-6654592231D6}
	EndGlobalSection
EndGlobal
